<?xml version="1.0" encoding="utf-8"?>
<Project ToolsVersion="4.0" xmlns="http://schemas.microsoft.com/developer/msbuild/2003">
  <ItemGroup>
    <Filter Include="include">
      <UniqueIdentifier>{c2af18ff-2674-4f4c-a4f2-d5282f83ea2f}</UniqueIdentifier>
    </Filter>
    <Filter Include="src">
      <UniqueIdentifier>{526f29f5-41e2-4a9a-81d0-45c85e9b17d3}</UniqueIdentifier>
    </Filter>
    <Filter Include="tests">
      <UniqueIdentifier>{2ab040cc-ac31-47c4-a364-9854bab34be4}</UniqueIdentifier>
    </Filter>
    <Filter Include="examples">
      <UniqueIdentifier>{c4a72c59-4003-46e1-a760-e43b5dbb9cd3}</UniqueIdentifier>
    </Filter>
  </ItemGroup>
  <ItemGroup>
    <ClInclude Include="linear_solver.h">
      <Filter>include</Filter>
    </ClInclude>
    <ClInclude Include="integration.h">
      <Filter>include</Filter>
    </ClInclude>
    <ClInclude Include="approximation.h">
      <Filter>include</Filter>
    </ClInclude>
    <ClInclude Include="interpolation.h">
      <Filter>include</Filter>
    </ClInclude>
    <ClInclude Include="ode_solver.h">
      <Filter>include</Filter>
    </ClInclude>
    <ClInclude Include="nonlinear_solver.h">
      <Filter>include</Filter>
    </ClInclude>
  </ItemGroup>
  <ItemGroup>
    <ClCompile Include="approximation.cpp">
      <Filter>src</Filter>
    </ClCompile>
    <ClCompile Include="linear_solver.cpp">
      <Filter>src</Filter>
    </ClCompile>
    <ClCompile Include="interpolation.cpp">
      <Filter>src</Filter>
    </ClCompile>
    <ClCompile Include="integration.cpp">
      <Filter>src</Filter>
    </ClCompile>
    <ClCompile Include="ode_solver.cpp">
      <Filter>src</Filter>
    </ClCompile>
    <ClCompile Include="nonlinear_solver.cpp">
      <Filter>src</Filter>
    </ClCompile>
    <ClCompile Include="test_all_cpp.cpp">
      <Filter>tests</Filter>
    </ClCompile>
    <ClCompile Include="linear_regression_example.cpp">
      <Filter>examples</Filter>
    </ClCompile>
    <ClCompile Include="ode_solver_example.cpp">
      <Filter>examples</Filter>
    </ClCompile>
  </ItemGroup>
  <ItemGroup>
    <None Include="README.md" />
  </ItemGroup>
</Project>